
Microsoft Visual Studio Solution File, Format Version 12.00
# Visual Studio 14
VisualStudioVersion = 14.0.25420.1
MinimumVisualStudioVersion = 10.0.40219.1
Project("{FAE04EC0-301F-11D3-BF4B-00C04F79EFBC}") = "IfInsuranceHomeTask", "IfInsuranceHomeTask\IfInsuranceHomeTask.csproj", "{0D0AB77C-256A-4133-A573-1D8A5FD062C7}"
EndProject
Project("{FAE04EC0-301F-11D3-BF4B-00C04F79EFBC}") = "IfInsuranceHomeTask.Tests", "IfInsuranceHomeTask.Tests\IfInsuranceHomeTask.Tests.csproj", "{AF9140DF-BF6D-4DA0-AACE-DA2469D0E04A}"
EndProject
Global
	GlobalSection(SolutionConfigurationPlatforms) = preSolution
		Debug|Any CPU = Debug|Any CPU
		Release|Any CPU = Release|Any CPU
	EndGlobalSection
	GlobalSection(ProjectConfigurationPlatforms) = postSolution
		{0D0AB77C-256A-4133-A573-1D8A5FD062C7}.Debug|Any CPU.ActiveCfg = Debug|Any CPU
		{0D0AB77C-256A-4133-A573-1D8A5FD062C7}.Debug|Any CPU.Build.0 = Debug|Any CPU
		{0D0AB77C-256A-4133-A573-1D8A5FD062C7}.Release|Any CPU.ActiveCfg = Release|Any CPU
		{0D0AB77C-256A-4133-A573-1D8A5FD062C7}.Release|Any CPU.Build.0 = Release|Any CPU
		{AF9140DF-BF6D-4DA0-AACE-DA2469D0E04A}.Debug|Any CPU.ActiveCfg = Debug|Any CPU
		{AF9140DF-BF6D-4DA0-AACE-DA2469D0E04A}.Debug|Any CPU.Build.0 = Debug|Any CPU
		{AF9140DF-BF6D-4DA0-AACE-DA2469D0E04A}.Release|Any CPU.ActiveCfg = Release|Any CPU
		{AF9140DF-BF6D-4DA0-AACE-DA2469D0E04A}.Release|Any CPU.Build.0 = Release|Any CPU
	EndGlobalSection
	GlobalSection(SolutionProperties) = preSolution
		HideSolutionNode = FALSE
	EndGlobalSection
EndGlobal
